
Microsoft Visual Studio Solution File, Format Version 12.00
# Visual Studio Version 17
VisualStudioVersion = 17.1.32210.238
MinimumVisualStudioVersion = 10.0.40219.1
Project("{9A19103F-16F7-4668-BE54-9A1E7A4F7556}") = "WebCrawler.Web", "WebCrawler\WebCrawler.Web.csproj", "{7417BF91-3F82-4C3C-A803-A6B225D18C1A}"
EndProject
Project("{9A19103F-16F7-4668-BE54-9A1E7A4F7556}") = "WebCrawler.DataAccessLayer", "WebCrawler.DataAccessLayer\WebCrawler.DataAccessLayer.csproj", "{85F45454-1402-4448-849B-D0C6A7A1393A}"
EndProject
Project("{9A19103F-16F7-4668-BE54-9A1E7A4F7556}") = "WebCrawler.BusinessLayer", "WebCrawler.BusinessLayer\WebCrawler.BusinessLayer.csproj", "{0E4B5DB8-98A1-4350-A16C-037E881B9C1D}"
EndProject
Project("{FAE04EC0-301F-11D3-BF4B-00C04F79EFBC}") = "WebCrawler.Api", "WebCrawler.Api\WebCrawler.Api.csproj", "{C58D3CCC-AC5C-47C8-AAD8-382D9DC55BB3}"
EndProject
Global
	GlobalSection(SolutionConfigurationPlatforms) = preSolution
		Debug|Any CPU = Debug|Any CPU
		Release|Any CPU = Release|Any CPU
	EndGlobalSection
	GlobalSection(ProjectConfigurationPlatforms) = postSolution
		{7417BF91-3F82-4C3C-A803-A6B225D18C1A}.Debug|Any CPU.ActiveCfg = Debug|Any CPU
		{7417BF91-3F82-4C3C-A803-A6B225D18C1A}.Debug|Any CPU.Build.0 = Debug|Any CPU
		{7417BF91-3F82-4C3C-A803-A6B225D18C1A}.Release|Any CPU.ActiveCfg = Release|Any CPU
		{7417BF91-3F82-4C3C-A803-A6B225D18C1A}.Release|Any CPU.Build.0 = Release|Any CPU
		{85F45454-1402-4448-849B-D0C6A7A1393A}.Debug|Any CPU.ActiveCfg = Debug|Any CPU
		{85F45454-1402-4448-849B-D0C6A7A1393A}.Debug|Any CPU.Build.0 = Debug|Any CPU
		{85F45454-1402-4448-849B-D0C6A7A1393A}.Release|Any CPU.ActiveCfg = Release|Any CPU
		{85F45454-1402-4448-849B-D0C6A7A1393A}.Release|Any CPU.Build.0 = Release|Any CPU
		{0E4B5DB8-98A1-4350-A16C-037E881B9C1D}.Debug|Any CPU.ActiveCfg = Debug|Any CPU
		{0E4B5DB8-98A1-4350-A16C-037E881B9C1D}.Debug|Any CPU.Build.0 = Debug|Any CPU
		{0E4B5DB8-98A1-4350-A16C-037E881B9C1D}.Release|Any CPU.ActiveCfg = Release|Any CPU
		{0E4B5DB8-98A1-4350-A16C-037E881B9C1D}.Release|Any CPU.Build.0 = Release|Any CPU
		{C58D3CCC-AC5C-47C8-AAD8-382D9DC55BB3}.Debug|Any CPU.ActiveCfg = Debug|Any CPU
		{C58D3CCC-AC5C-47C8-AAD8-382D9DC55BB3}.Debug|Any CPU.Build.0 = Debug|Any CPU
		{C58D3CCC-AC5C-47C8-AAD8-382D9DC55BB3}.Release|Any CPU.ActiveCfg = Release|Any CPU
		{C58D3CCC-AC5C-47C8-AAD8-382D9DC55BB3}.Release|Any CPU.Build.0 = Release|Any CPU
	EndGlobalSection
	GlobalSection(SolutionProperties) = preSolution
		HideSolutionNode = FALSE
	EndGlobalSection
	GlobalSection(ExtensibilityGlobals) = postSolution
		SolutionGuid = {433E35D6-336D-40F6-8247-A5AA50A37CE0}
	EndGlobalSection
EndGlobal
